
Microsoft Visual Studio Solution File, Format Version 12.00
# Visual Studio Version 16
VisualStudioVersion = 16.0.31205.134
MinimumVisualStudioVersion = 10.0.40219.1
Project("{FAE04EC0-301F-11D3-BF4B-00C04F79EFBC}") = "BT1Calculator", "BT1Calculator.csproj", "{D17269FE-3662-48D5-B26B-8D3525517817}"
EndProject
Global
	GlobalSection(SolutionConfigurationPlatforms) = preSolution
		Debug|Any CPU = Debug|Any CPU
		Release|Any CPU = Release|Any CPU
	EndGlobalSection
	GlobalSection(ProjectConfigurationPlatforms) = postSolution
		{D17269FE-3662-48D5-B26B-8D3525517817}.Debug|Any CPU.ActiveCfg = Debug|Any CPU
		{D17269FE-3662-48D5-B26B-8D3525517817}.Debug|Any CPU.Build.0 = Debug|Any CPU
		{D17269FE-3662-48D5-B26B-8D3525517817}.Release|Any CPU.ActiveCfg = Release|Any CPU
		{D17269FE-3662-48D5-B26B-8D3525517817}.Release|Any CPU.Build.0 = Release|Any CPU
	EndGlobalSection
	GlobalSection(SolutionProperties) = preSolution
		HideSolutionNode = FALSE
	EndGlobalSection
	GlobalSection(ExtensibilityGlobals) = postSolution
		SolutionGuid = {F2B27D08-AFA9-4DFF-A6D5-C20DB681C5B2}
	EndGlobalSection
EndGlobal
